// !$*UTF8*$!
{
	archiveVersion = 1;
	classes = {
	};
	objectVersion = 50;
	objects = {

/* Begin PBXBuildFile section */
		CE4C3A1E211201A300190747 /* AppDelegate.swift in Sources */ = {isa = PBXBuildFile; fileRef = CE4C3A1D211201A300190747 /* AppDelegate.swift */; };
		CE4C3A23211201A300190747 /* Main.storyboard in Resources */ = {isa = PBXBuildFile; fileRef = CE4C3A21211201A300190747 /* Main.storyboard */; };
		CE4C3A25211201C200190747 /* Assets.xcassets in Resources */ = {isa = PBXBuildFile; fileRef = CE4C3A24211201C200190747 /* Assets.xcassets */; };
		CE4C3A28211201C200190747 /* LaunchScreen.storyboard in Resources */ = {isa = PBXBuildFile; fileRef = CE4C3A26211201C200190747 /* LaunchScreen.storyboard */; };
		CE4C3A52211203DC00190747 /* TappedRectangle.swift in Sources */ = {isa = PBXBuildFile; fileRef = CE4C3A4E211203DB00190747 /* TappedRectangle.swift */; };
		CE4C3A53211203DC00190747 /* MainViewController.swift in Sources */ = {isa = PBXBuildFile; fileRef = CE4C3A4F211203DC00190747 /* MainViewController.swift */; };
		CE4C3A54211203DC00190747 /* RandomColorPicker.swift in Sources */ = {isa = PBXBuildFile; fileRef = CE4C3A50211203DC00190747 /* RandomColorPicker.swift */; };
		CE4C3A55211203DC00190747 /* CirclePainter.swift in Sources */ = {isa = PBXBuildFile; fileRef = CE4C3A51211203DC00190747 /* CirclePainter.swift */; };
/* End PBXBuildFile section */

/* Begin PBXContainerItemProxy section */
		CE4C3A2F211201C200190747 /* PBXContainerItemProxy */ = {
			isa = PBXContainerItemProxy;
			containerPortal = CE4C3A12211201A300190747 /* Project object */;
			proxyType = 1;
			remoteGlobalIDString = CE4C3A19211201A300190747;
			remoteInfo = RectangleDrawing;
		};
		CE4C3A3A211201C200190747 /* PBXContainerItemProxy */ = {
			isa = PBXContainerItemProxy;
			containerPortal = CE4C3A12211201A300190747 /* Project object */;
			proxyType = 1;
			remoteGlobalIDString = CE4C3A19211201A300190747;
			remoteInfo = RectangleDrawing;
		};
/* End PBXContainerItemProxy section */

/* Begin PBXFileReference section */
		CE4C3A1A211201A300190747 /* RectangleDrawing.app */ = {isa = PBXFileReference; explicitFileType = wrapper.application; includeInIndex = 0; path = RectangleDrawing.app; sourceTree = BUILT_PRODUCTS_DIR; };
		CE4C3A1D211201A300190747 /* AppDelegate.swift */ = {isa = PBXFileReference; lastKnownFileType = sourcecode.swift; path = AppDelegate.swift; sourceTree = "<group>"; };
		CE4C3A22211201A300190747 /* Base */ = {isa = PBXFileReference; lastKnownFileType = file.storyboard; name = Base; path = Base.lproj/Main.storyboard; sourceTree = "<group>"; };
		CE4C3A24211201C200190747 /* Assets.xcassets */ = {isa = PBXFileReference; lastKnownFileType = folder.assetcatalog; path = Assets.xcassets; sourceTree = "<group>"; };
		CE4C3A27211201C200190747 /* Base */ = {isa = PBXFileReference; lastKnownFileType = file.storyboard; name = Base; path = Base.lproj/LaunchScreen.storyboard; sourceTree = "<group>"; };
		CE4C3A29211201C200190747 /* Info.plist */ = {isa = PBXFileReference; lastKnownFileType = text.plist.xml; path = Info.plist; sourceTree = "<group>"; };
		CE4C3A2E211201C200190747 /* RectangleDrawingTests.xctest */ = {isa = PBXFileReference; explicitFileType = wrapper.cfbundle; includeInIndex = 0; path = RectangleDrawingTests.xctest; sourceTree = BUILT_PRODUCTS_DIR; };
		CE4C3A39211201C200190747 /* RectangleDrawingUITests.xctest */ = {isa = PBXFileReference; explicitFileType = wrapper.cfbundle; includeInIndex = 0; path = RectangleDrawingUITests.xctest; sourceTree = BUILT_PRODUCTS_DIR; };
		CE4C3A4E211203DB00190747 /* TappedRectangle.swift */ = {isa = PBXFileReference; fileEncoding = 4; lastKnownFileType = sourcecode.swift; path = TappedRectangle.swift; sourceTree = "<group>"; };
		CE4C3A4F211203DC00190747 /* MainViewController.swift */ = {isa = PBXFileReference; fileEncoding = 4; lastKnownFileType = sourcecode.swift; path = MainViewController.swift; sourceTree = "<group>"; };
		CE4C3A50211203DC00190747 /* RandomColorPicker.swift */ = {isa = PBXFileReference; fileEncoding = 4; lastKnownFileType = sourcecode.swift; path = RandomColorPicker.swift; sourceTree = "<group>"; };
		CE4C3A51211203DC00190747 /* CirclePainter.swift */ = {isa = PBXFileReference; fileEncoding = 4; lastKnownFileType = sourcecode.swift; path = CirclePainter.swift; sourceTree = "<group>"; };
/* End PBXFileReference section */

/* Begin PBXFrameworksBuildPhase section */
		CE4C3A17211201A300190747 /* Frameworks */ = {
			isa = PBXFrameworksBuildPhase;
			buildActionMask = 2147483647;
			files = (
			);
			runOnlyForDeploymentPostprocessing = 0;
		};
		CE4C3A2B211201C200190747 /* Frameworks */ = {
			isa = PBXFrameworksBuildPhase;
			buildActionMask = 2147483647;
			files = (
			);
			runOnlyForDeploymentPostprocessing = 0;
		};
		CE4C3A36211201C200190747 /* Frameworks */ = {
			isa = PBXFrameworksBuildPhase;
			buildActionMask = 2147483647;
			files = (
			);
			runOnlyForDeploymentPostprocessing = 0;
		};
/* End PBXFrameworksBuildPhase section */

/* Begin PBXGroup section */
		CE4C3A11211201A300190747 = {
			isa = PBXGroup;
			children = (
				CE4C3A1C211201A300190747 /* RectangleDrawing */,
				CE4C3A1B211201A300190747 /* Products */,
			);
			sourceTree = "<group>";
		};
		CE4C3A1B211201A300190747 /* Products */ = {
			isa = PBXGroup;
			children = (
				CE4C3A1A211201A300190747 /* RectangleDrawing.app */,
				CE4C3A2E211201C200190747 /* RectangleDrawingTests.xctest */,
				CE4C3A39211201C200190747 /* RectangleDrawingUITests.xctest */,
			);
			name = Products;
			sourceTree = "<group>";
		};
		CE4C3A1C211201A300190747 /* RectangleDrawing */ = {
			isa = PBXGroup;
			children = (
				CE4C3A4D2112031200190747 /* Enum */,
				CE4C3A4C211202BB00190747 /* ViewControllers */,
				CE4C3A4B2112029800190747 /* Supporting files */,
				CE4C3A21211201A300190747 /* Main.storyboard */,
				CE4C3A26211201C200190747 /* LaunchScreen.storyboard */,
			);
			path = RectangleDrawing;
			sourceTree = "<group>";
		};
		CE4C3A4B2112029800190747 /* Supporting files */ = {
			isa = PBXGroup;
			children = (
				CE4C3A1D211201A300190747 /* AppDelegate.swift */,
				CE4C3A24211201C200190747 /* Assets.xcassets */,
				CE4C3A29211201C200190747 /* Info.plist */,
			);
			path = "Supporting files";
			sourceTree = "<group>";
		};
		CE4C3A4C211202BB00190747 /* ViewControllers */ = {
			isa = PBXGroup;
			children = (
				CE4C3A51211203DC00190747 /* CirclePainter.swift */,
				CE4C3A4F211203DC00190747 /* MainViewController.swift */,
				CE4C3A50211203DC00190747 /* RandomColorPicker.swift */,
				CE4C3A4E211203DB00190747 /* TappedRectangle.swift */,
			);
			path = ViewControllers;
			sourceTree = "<group>";
		};
		CE4C3A4D2112031200190747 /* Enum */ = {
			isa = PBXGroup;
			children = (
			);
			path = Enum;
			sourceTree = "<group>";
		};
/* End PBXGroup section */

/* Begin PBXNativeTarget section */
		CE4C3A19211201A300190747 /* RectangleDrawing */ = {
			isa = PBXNativeTarget;
			buildConfigurationList = CE4C3A42211201C200190747 /* Build configuration list for PBXNativeTarget "RectangleDrawing" */;
			buildPhases = (
				CE4C3A16211201A300190747 /* Sources */,
				CE4C3A17211201A300190747 /* Frameworks */,
				CE4C3A18211201A300190747 /* Resources */,
			);
			buildRules = (
			);
			dependencies = (
			);
			name = RectangleDrawing;
			productName = RectangleDrawing;
			productReference = CE4C3A1A211201A300190747 /* RectangleDrawing.app */;
			productType = "com.apple.product-type.application";
		};
		CE4C3A2D211201C200190747 /* RectangleDrawingTests */ = {
			isa = PBXNativeTarget;
			buildConfigurationList = CE4C3A45211201C200190747 /* Build configuration list for PBXNativeTarget "RectangleDrawingTests" */;
			buildPhases = (
				CE4C3A2A211201C200190747 /* Sources */,
				CE4C3A2B211201C200190747 /* Frameworks */,
				CE4C3A2C211201C200190747 /* Resources */,
			);
			buildRules = (
			);
			dependencies = (
				CE4C3A30211201C200190747 /* PBXTargetDependency */,
			);
			name = RectangleDrawingTests;
			productName = RectangleDrawingTests;
			productReference = CE4C3A2E211201C200190747 /* RectangleDrawingTests.xctest */;
			productType = "com.apple.product-type.bundle.unit-test";
		};
		CE4C3A38211201C200190747 /* RectangleDrawingUITests */ = {
			isa = PBXNativeTarget;
			buildConfigurationList = CE4C3A48211201C200190747 /* Build configuration list for PBXNativeTarget "RectangleDrawingUITests" */;
			buildPhases = (
				CE4C3A35211201C200190747 /* Sources */,
				CE4C3A36211201C200190747 /* Frameworks */,
				CE4C3A37211201C200190747 /* Resources */,
			);
			buildRules = (
			);
			dependencies = (
				CE4C3A3B211201C200190747 /* PBXTargetDependency */,
			);
			name = RectangleDrawingUITests;
			productName = RectangleDrawingUITests;
			productReference = CE4C3A39211201C200190747 /* RectangleDrawingUITests.xctest */;
			productType = "com.apple.product-type.bundle.ui-testing";
		};
/* End PBXNativeTarget section */

/* Begin PBXProject section */
		CE4C3A12211201A300190747 /* Project object */ = {
			isa = PBXProject;
			attributes = {
				LastSwiftUpdateCheck = 0940;
				LastUpgradeCheck = 0940;
				ORGANIZATIONNAME = "Alina Zaitseva";
				TargetAttributes = {
					CE4C3A19211201A300190747 = {
						CreatedOnToolsVersion = 9.4;
					};
					CE4C3A2D211201C200190747 = {
						CreatedOnToolsVersion = 9.4;
						TestTargetID = CE4C3A19211201A300190747;
					};
					CE4C3A38211201C200190747 = {
						CreatedOnToolsVersion = 9.4;
						TestTargetID = CE4C3A19211201A300190747;
					};
				};
			};
			buildConfigurationList = CE4C3A15211201A300190747 /* Build configuration list for PBXProject "RectangleDrawing" */;
			compatibilityVersion = "Xcode 9.3";
			developmentRegion = en;
			hasScannedForEncodings = 0;
			knownRegions = (
				en,
				Base,
			);
			mainGroup = CE4C3A11211201A300190747;
			productRefGroup = CE4C3A1B211201A300190747 /* Products */;
			projectDirPath = "";
			projectRoot = "";
			targets = (
				CE4C3A19211201A300190747 /* RectangleDrawing */,
				CE4C3A2D211201C200190747 /* RectangleDrawingTests */,
				CE4C3A38211201C200190747 /* RectangleDrawingUITests */,
			);
		};
/* End PBXProject section */

/* Begin PBXResourcesBuildPhase section */
		CE4C3A18211201A300190747 /* Resources */ = {
			isa = PBXResourcesBuildPhase;
			buildActionMask = 2147483647;
			files = (
				CE4C3A28211201C200190747 /* LaunchScreen.storyboard in Resources */,
				CE4C3A25211201C200190747 /* Assets.xcassets in Resources */,
				CE4C3A23211201A300190747 /* Main.storyboard in Resources */,
			);
			runOnlyForDeploymentPostprocessing = 0;
		};
		CE4C3A2C211201C200190747 /* Resources */ = {
			isa = PBXResourcesBuildPhase;
			buildActionMask = 2147483647;
			files = (
			);
			runOnlyForDeploymentPostprocessing = 0;
		};
		CE4C3A37211201C200190747 /* Resources */ = {
			isa = PBXResourcesBuildPhase;
			buildActionMask = 2147483647;
			files = (
			);
			runOnlyForDeploymentPostprocessing = 0;
		};
/* End PBXResourcesBuildPhase section */

/* Begin PBXSourcesBuildPhase section */
		CE4C3A16211201A300190747 /* Sources */ = {
			isa = PBXSourcesBuildPhase;
			buildActionMask = 2147483647;
			files = (
				CE4C3A52211203DC00190747 /* TappedRectangle.swift in Sources */,
				CE4C3A54211203DC00190747 /* RandomColorPicker.swift in Sources */,
				CE4C3A1E211201A300190747 /* AppDelegate.swift in Sources */,
				CE4C3A53211203DC00190747 /* MainViewController.swift in Sources */,
				CE4C3A55211203DC00190747 /* CirclePainter.swift in Sources */,
			);
			runOnlyForDeploymentPostprocessing = 0;
		};
		CE4C3A2A211201C200190747 /* Sources */ = {
			isa = PBXSourcesBuildPhase;
			buildActionMask = 2147483647;
			files = (
			);
			runOnlyForDeploymentPostprocessing = 0;
		};
		CE4C3A35211201C200190747 /* Sources */ = {
			isa = PBXSourcesBuildPhase;
			buildActionMask = 2147483647;
			files = (
			);
			runOnlyForDeploymentPostprocessing = 0;
		};
/* End PBXSourcesBuildPhase section */

/* Begin PBXTargetDependency section */
		CE4C3A30211201C200190747 /* PBXTargetDependency */ = {
			isa = PBXTargetDependency;
			target = CE4C3A19211201A300190747 /* RectangleDrawing */;
			targetProxy = CE4C3A2F211201C200190747 /* PBXContainerItemProxy */;
		};
		CE4C3A3B211201C200190747 /* PBXTargetDependency */ = {
			isa = PBXTargetDependency;
			target = CE4C3A19211201A300190747 /* RectangleDrawing */;
			targetProxy = CE4C3A3A211201C200190747 /* PBXContainerItemProxy */;
		};
/* End PBXTargetDependency section */

/* Begin PBXVariantGroup section */
		CE4C3A21211201A300190747 /* Main.storyboard */ = {
			isa = PBXVariantGroup;
			children = (
				CE4C3A22211201A300190747 /* Base */,
			);
			name = Main.storyboard;
			sourceTree = "<group>";
		};
		CE4C3A26211201C200190747 /* LaunchScreen.storyboard */ = {
			isa = PBXVariantGroup;
			children = (
				CE4C3A27211201C200190747 /* Base */,
			);
			name = LaunchScreen.storyboard;
			sourceTree = "<group>";
		};
/* End PBXVariantGroup section */

/* Begin XCBuildConfiguration section */
		CE4C3A40211201C200190747 /* Debug */ = {
			isa = XCBuildConfiguration;
			buildSettings = {
				ALWAYS_SEARCH_USER_PATHS = NO;
				CLANG_ANALYZER_NONNULL = YES;
				CLANG_ANALYZER_NUMBER_OBJECT_CONVERSION = YES_AGGRESSIVE;
				CLANG_CXX_LANGUAGE_STANDARD = "gnu++14";
				CLANG_CXX_LIBRARY = "libc++";
				CLANG_ENABLE_MODULES = YES;
				CLANG_ENABLE_OBJC_ARC = YES;
				CLANG_ENABLE_OBJC_WEAK = YES;
				CLANG_WARN_BLOCK_CAPTURE_AUTORELEASING = YES;
				CLANG_WARN_BOOL_CONVERSION = YES;
				CLANG_WARN_COMMA = YES;
				CLANG_WARN_CONSTANT_CONVERSION = YES;
				CLANG_WARN_DEPRECATED_OBJC_IMPLEMENTATIONS = YES;
				CLANG_WARN_DIRECT_OBJC_ISA_USAGE = YES_ERROR;
				CLANG_WARN_DOCUMENTATION_COMMENTS = YES;
				CLANG_WARN_EMPTY_BODY = YES;
				CLANG_WARN_ENUM_CONVERSION = YES;
				CLANG_WARN_INFINITE_RECURSION = YES;
				CLANG_WARN_INT_CONVERSION = YES;
				CLANG_WARN_NON_LITERAL_NULL_CONVERSION = YES;
				CLANG_WARN_OBJC_IMPLICIT_RETAIN_SELF = YES;
				CLANG_WARN_OBJC_LITERAL_CONVERSION = YES;
				CLANG_WARN_OBJC_ROOT_CLASS = YES_ERROR;
				CLANG_WARN_RANGE_LOOP_ANALYSIS = YES;
				CLANG_WARN_STRICT_PROTOTYPES = YES;
				CLANG_WARN_SUSPICIOUS_MOVE = YES;
				CLANG_WARN_UNGUARDED_AVAILABILITY = YES_AGGRESSIVE;
				CLANG_WARN_UNREACHABLE_CODE = YES;
				CLANG_WARN__DUPLICATE_METHOD_MATCH = YES;
				CODE_SIGN_IDENTITY = "iPhone Developer";
				COPY_PHASE_STRIP = NO;
				DEBUG_INFORMATION_FORMAT = dwarf;
				ENABLE_STRICT_OBJC_MSGSEND = YES;
				ENABLE_TESTABILITY = YES;
				GCC_C_LANGUAGE_STANDARD = gnu11;
				GCC_DYNAMIC_NO_PIC = NO;
				GCC_NO_COMMON_BLOCKS = YES;
				GCC_OPTIMIZATION_LEVEL = 0;
				GCC_PREPROCESSOR_DEFINITIONS = (
					"DEBUG=1",
					"$(inherited)",
				);
				GCC_WARN_64_TO_32_BIT_CONVERSION = YES;
				GCC_WARN_ABOUT_RETURN_TYPE = YES_ERROR;
				GCC_WARN_UNDECLARED_SELECTOR = YES;
				GCC_WARN_UNINITIALIZED_AUTOS = YES_AGGRESSIVE;
				GCC_WARN_UNUSED_FUNCTION = YES;
				GCC_WARN_UNUSED_VARIABLE = YES;
				IPHONEOS_DEPLOYMENT_TARGET = 11.4;
				MTL_ENABLE_DEBUG_INFO = YES;
				ONLY_ACTIVE_ARCH = YES;
				SDKROOT = iphoneos;
				SWIFT_ACTIVE_COMPILATION_CONDITIONS = DEBUG;
				SWIFT_OPTIMIZATION_LEVEL = "-Onone";
			};
			name = Debug;
		};
		CE4C3A41211201C200190747 /* Release */ = {
			isa = XCBuildConfiguration;
			buildSettings = {
				ALWAYS_SEARCH_USER_PATHS = NO;
				CLANG_ANALYZER_NONNULL = YES;
				CLANG_ANALYZER_NUMBER_OBJECT_CONVERSION = YES_AGGRESSIVE;
				CLANG_CXX_LANGUAGE_STANDARD = "gnu++14";
				CLANG_CXX_LIBRARY = "libc++";
				CLANG_ENABLE_MODULES = YES;
				CLANG_ENABLE_OBJC_ARC = YES;
				CLANG_ENABLE_OBJC_WEAK = YES;
				CLANG_WARN_BLOCK_CAPTURE_AUTORELEASING = YES;
				CLANG_WARN_BOOL_CONVERSION = YES;
				CLANG_WARN_COMMA = YES;
				CLANG_WARN_CONSTANT_CONVERSION = YES;
				CLANG_WARN_DEPRECATED_OBJC_IMPLEMENTATIONS = YES;
				CLANG_WARN_DIRECT_OBJC_ISA_USAGE = YES_ERROR;
				CLANG_WARN_DOCUMENTATION_COMMENTS = YES;
				CLANG_WARN_EMPTY_BODY = YES;
				CLANG_WARN_ENUM_CONVERSION = YES;
				CLANG_WARN_INFINITE_RECURSION = YES;
				CLANG_WARN_INT_CONVERSION = YES;
				CLANG_WARN_NON_LITERAL_NULL_CONVERSION = YES;
				CLANG_WARN_OBJC_IMPLICIT_RETAIN_SELF = YES;
				CLANG_WARN_OBJC_LITERAL_CONVERSION = YES;
				CLANG_WARN_OBJC_ROOT_CLASS = YES_ERROR;
				CLANG_WARN_RANGE_LOOP_ANALYSIS = YES;
				CLANG_WARN_STRICT_PROTOTYPES = YES;
				CLANG_WARN_SUSPICIOUS_MOVE = YES;
				CLANG_WARN_UNGUARDED_AVAILABILITY = YES_AGGRESSIVE;
				CLANG_WARN_UNREACHABLE_CODE = YES;
				CLANG_WARN__DUPLICATE_METHOD_MATCH = YES;
				CODE_SIGN_IDENTITY = "iPhone Developer";
				COPY_PHASE_STRIP = NO;
				DEBUG_INFORMATION_FORMAT = "dwarf-with-dsym";
				ENABLE_NS_ASSERTIONS = NO;
				ENABLE_STRICT_OBJC_MSGSEND = YES;
				GCC_C_LANGUAGE_STANDARD = gnu11;
				GCC_NO_COMMON_BLOCKS = YES;
				GCC_WARN_64_TO_32_BIT_CONVERSION = YES;
				GCC_WARN_ABOUT_RETURN_TYPE = YES_ERROR;
				GCC_WARN_UNDECLARED_SELECTOR = YES;
				GCC_WARN_UNINITIALIZED_AUTOS = YES_AGGRESSIVE;
				GCC_WARN_UNUSED_FUNCTION = YES;
				GCC_WARN_UNUSED_VARIABLE = YES;
				IPHONEOS_DEPLOYMENT_TARGET = 11.4;
				MTL_ENABLE_DEBUG_INFO = NO;
				SDKROOT = iphoneos;
				SWIFT_COMPILATION_MODE = wholemodule;
				SWIFT_OPTIMIZATION_LEVEL = "-O";
				VALIDATE_PRODUCT = YES;
			};
			name = Release;
		};
		CE4C3A43211201C200190747 /* Debug */ = {
			isa = XCBuildConfiguration;
			buildSettings = {
				ASSETCATALOG_COMPILER_APPICON_NAME = AppIcon;
				CODE_SIGN_STYLE = Automatic;
				DEVELOPMENT_TEAM = PQ4JD7QCGM;
				INFOPLIST_FILE = RectangleDrawing/Info.plist;
				LD_RUNPATH_SEARCH_PATHS = (
					"$(inherited)",
					"@executable_path/Frameworks",
				);
				PRODUCT_BUNDLE_IDENTIFIER = "-.RectangleDrawing";
				PRODUCT_NAME = "$(TARGET_NAME)";
				SWIFT_VERSION = 4.0;
				TARGETED_DEVICE_FAMILY = "1,2";
			};
			name = Debug;
		};
		CE4C3A44211201C200190747 /* Release */ = {
			isa = XCBuildConfiguration;
			buildSettings = {
				ASSETCATALOG_COMPILER_APPICON_NAME = AppIcon;
				CODE_SIGN_STYLE = Automatic;
				DEVELOPMENT_TEAM = PQ4JD7QCGM;
				INFOPLIST_FILE = RectangleDrawing/Info.plist;
				LD_RUNPATH_SEARCH_PATHS = (
					"$(inherited)",
					"@executable_path/Frameworks",
				);
				PRODUCT_BUNDLE_IDENTIFIER = "-.RectangleDrawing";
				PRODUCT_NAME = "$(TARGET_NAME)";
				SWIFT_VERSION = 4.0;
				TARGETED_DEVICE_FAMILY = "1,2";
			};
			name = Release;
		};
		CE4C3A46211201C200190747 /* Debug */ = {
			isa = XCBuildConfiguration;
			buildSettings = {
				ALWAYS_EMBED_SWIFT_STANDARD_LIBRARIES = YES;
				BUNDLE_LOADER = "$(TEST_HOST)";
				CODE_SIGN_STYLE = Automatic;
				DEVELOPMENT_TEAM = PQ4JD7QCGM;
				INFOPLIST_FILE = RectangleDrawingTests/Info.plist;
				LD_RUNPATH_SEARCH_PATHS = (
					"$(inherited)",
					"@executable_path/Frameworks",
					"@loader_path/Frameworks",
				);
				PRODUCT_BUNDLE_IDENTIFIER = "-.RectangleDrawingTests";
				PRODUCT_NAME = "$(TARGET_NAME)";
				SWIFT_VERSION = 4.0;
				TARGETED_DEVICE_FAMILY = "1,2";
				TEST_HOST = "$(BUILT_PRODUCTS_DIR)/RectangleDrawing.app/RectangleDrawing";
			};
			name = Debug;
		};
		CE4C3A47211201C200190747 /* Release */ = {
			isa = XCBuildConfiguration;
			buildSettings = {
				ALWAYS_EMBED_SWIFT_STANDARD_LIBRARIES = YES;
				BUNDLE_LOADER = "$(TEST_HOST)";
				CODE_SIGN_STYLE = Automatic;
				DEVELOPMENT_TEAM = PQ4JD7QCGM;
				INFOPLIST_FILE = RectangleDrawingTests/Info.plist;
				LD_RUNPATH_SEARCH_PATHS = (
					"$(inherited)",
					"@executable_path/Frameworks",
					"@loader_path/Frameworks",
				);
				PRODUCT_BUNDLE_IDENTIFIER = "-.RectangleDrawingTests";
				PRODUCT_NAME = "$(TARGET_NAME)";
				SWIFT_VERSION = 4.0;
				TARGETED_DEVICE_FAMILY = "1,2";
				TEST_HOST = "$(BUILT_PRODUCTS_DIR)/RectangleDrawing.app/RectangleDrawing";
			};
			name = Release;
		};
		CE4C3A49211201C200190747 /* Debug */ = {
			isa = XCBuildConfiguration;
			buildSettings = {
				ALWAYS_EMBED_SWIFT_STANDARD_LIBRARIES = YES;
				CODE_SIGN_STYLE = Automatic;
				DEVELOPMENT_TEAM = PQ4JD7QCGM;
				INFOPLIST_FILE = RectangleDrawingUITests/Info.plist;
				LD_RUNPATH_SEARCH_PATHS = (
					"$(inherited)",
					"@executable_path/Frameworks",
					"@loader_path/Frameworks",
				);
				PRODUCT_BUNDLE_IDENTIFIER = "-.RectangleDrawingUITests";
				PRODUCT_NAME = "$(TARGET_NAME)";
				SWIFT_VERSION = 4.0;
				TARGETED_DEVICE_FAMILY = "1,2";
				TEST_TARGET_NAME = RectangleDrawing;
			};
			name = Debug;
		};
		CE4C3A4A211201C200190747 /* Release */ = {
			isa = XCBuildConfiguration;
			buildSettings = {
				ALWAYS_EMBED_SWIFT_STANDARD_LIBRARIES = YES;
				CODE_SIGN_STYLE = Automatic;
				DEVELOPMENT_TEAM = PQ4JD7QCGM;
				INFOPLIST_FILE = RectangleDrawingUITests/Info.plist;
				LD_RUNPATH_SEARCH_PATHS = (
					"$(inherited)",
					"@executable_path/Frameworks",
					"@loader_path/Frameworks",
				);
				PRODUCT_BUNDLE_IDENTIFIER = "-.RectangleDrawingUITests";
				PRODUCT_NAME = "$(TARGET_NAME)";
				SWIFT_VERSION = 4.0;
				TARGETED_DEVICE_FAMILY = "1,2";
				TEST_TARGET_NAME = RectangleDrawing;
			};
			name = Release;
		};
/* End XCBuildConfiguration section */

/* Begin XCConfigurationList section */
		CE4C3A15211201A300190747 /* Build configuration list for PBXProject "RectangleDrawing" */ = {
			isa = XCConfigurationList;
			buildConfigurations = (
				CE4C3A40211201C200190747 /* Debug */,
				CE4C3A41211201C200190747 /* Release */,
			);
			defaultConfigurationIsVisible = 0;
			defaultConfigurationName = Release;
		};
		CE4C3A42211201C200190747 /* Build configuration list for PBXNativeTarget "RectangleDrawing" */ = {
			isa = XCConfigurationList;
			buildConfigurations = (
				CE4C3A43211201C200190747 /* Debug */,
				CE4C3A44211201C200190747 /* Release */,
			);
			defaultConfigurationIsVisible = 0;
			defaultConfigurationName = Release;
		};
		CE4C3A45211201C200190747 /* Build configuration list for PBXNativeTarget "RectangleDrawingTests" */ = {
			isa = XCConfigurationList;
			buildConfigurations = (
				CE4C3A46211201C200190747 /* Debug */,
				CE4C3A47211201C200190747 /* Release */,
			);
			defaultConfigurationIsVisible = 0;
			defaultConfigurationName = Release;
		};
		CE4C3A48211201C200190747 /* Build configuration list for PBXNativeTarget "RectangleDrawingUITests" */ = {
			isa = XCConfigurationList;
			buildConfigurations = (
				CE4C3A49211201C200190747 /* Debug */,
				CE4C3A4A211201C200190747 /* Release */,
			);
			defaultConfigurationIsVisible = 0;
			defaultConfigurationName = Release;
		};
/* End XCConfigurationList section */
	};
	rootObject = CE4C3A12211201A300190747 /* Project object */;
}
